
Microsoft Visual Studio Solution File, Format Version 12.00
# Visual Studio 15
VisualStudioVersion = 15.0.28307.1500
MinimumVisualStudioVersion = 10.0.40219.1
Project("{8BC9CEB8-8B4A-11D0-8D11-00A0C91BC942}") = "Leetcode", "Leetcode.vcxproj", "{5DF77087-2E91-4F2D-B9ED-A3916279B76C}"
EndProject
Global
	GlobalSection(SolutionConfigurationPlatforms) = preSolution
		Debug|x64 = Debug|x64
		Debug|x86 = Debug|x86
		Release|x64 = Release|x64
		Release|x86 = Release|x86
	EndGlobalSection
	GlobalSection(ProjectConfigurationPlatforms) = postSolution
		{5DF77087-2E91-4F2D-B9ED-A3916279B76C}.Debug|x64.ActiveCfg = Debug|x64
		{5DF77087-2E91-4F2D-B9ED-A3916279B76C}.Debug|x64.Build.0 = Debug|x64
		{5DF77087-2E91-4F2D-B9ED-A3916279B76C}.Debug|x86.ActiveCfg = Debug|Win32
		{5DF77087-2E91-4F2D-B9ED-A3916279B76C}.Debug|x86.Build.0 = Debug|Win32
		{5DF77087-2E91-4F2D-B9ED-A3916279B76C}.Release|x64.ActiveCfg = Release|x64
		{5DF77087-2E91-4F2D-B9ED-A3916279B76C}.Release|x64.Build.0 = Release|x64
		{5DF77087-2E91-4F2D-B9ED-A3916279B76C}.Release|x86.ActiveCfg = Release|Win32
		{5DF77087-2E91-4F2D-B9ED-A3916279B76C}.Release|x86.Build.0 = Release|Win32
	EndGlobalSection
	GlobalSection(SolutionProperties) = preSolution
		HideSolutionNode = FALSE
	EndGlobalSection
	GlobalSection(ExtensibilityGlobals) = postSolution
		SolutionGuid = {6305F9C1-8855-437B-8BB6-114E88E8E2BC}
	EndGlobalSection
EndGlobal
